
Microsoft Visual Studio Solution File, Format Version 12.00
# Visual Studio Version 17
VisualStudioVersion = 17.0.31919.166
MinimumVisualStudioVersion = 10.0.40219.1
Project("{9A19103F-16F7-4668-BE54-9A1E7A4F7556}") = "Notes.Api", "Notes.Api\Notes.Api.csproj", "{92C23E08-E66E-4D15-BFE0-54CB4381FA70}"
EndProject
Project("{9A19103F-16F7-4668-BE54-9A1E7A4F7556}") = "Notes.Data", "Notes.Data\Notes.Data.csproj", "{8E5DB9A7-BAE7-4AD7-8EDA-4D5968D2B4B7}"
EndProject
Project("{9A19103F-16F7-4668-BE54-9A1E7A4F7556}") = "Notes.Core", "Notes.Core\Notes.Core.csproj", "{D8546F94-512A-4CB1-8447-2606C6E7221A}"
EndProject
Project("{FAE04EC0-301F-11D3-BF4B-00C04F79EFBC}") = "Notes.Core.Tests", "Notes.Core.Tests\Notes.Core.Tests.csproj", "{B218C61D-0DC3-488A-9A22-E0CAF80471EE}"
EndProject
Global
	GlobalSection(SolutionConfigurationPlatforms) = preSolution
		Debug|Any CPU = Debug|Any CPU
		Release|Any CPU = Release|Any CPU
	EndGlobalSection
	GlobalSection(ProjectConfigurationPlatforms) = postSolution
		{92C23E08-E66E-4D15-BFE0-54CB4381FA70}.Debug|Any CPU.ActiveCfg = Debug|Any CPU
		{92C23E08-E66E-4D15-BFE0-54CB4381FA70}.Debug|Any CPU.Build.0 = Debug|Any CPU
		{92C23E08-E66E-4D15-BFE0-54CB4381FA70}.Release|Any CPU.ActiveCfg = Release|Any CPU
		{92C23E08-E66E-4D15-BFE0-54CB4381FA70}.Release|Any CPU.Build.0 = Release|Any CPU
		{8E5DB9A7-BAE7-4AD7-8EDA-4D5968D2B4B7}.Debug|Any CPU.ActiveCfg = Debug|Any CPU
		{8E5DB9A7-BAE7-4AD7-8EDA-4D5968D2B4B7}.Debug|Any CPU.Build.0 = Debug|Any CPU
		{8E5DB9A7-BAE7-4AD7-8EDA-4D5968D2B4B7}.Release|Any CPU.ActiveCfg = Release|Any CPU
		{8E5DB9A7-BAE7-4AD7-8EDA-4D5968D2B4B7}.Release|Any CPU.Build.0 = Release|Any CPU
		{D8546F94-512A-4CB1-8447-2606C6E7221A}.Debug|Any CPU.ActiveCfg = Debug|Any CPU
		{D8546F94-512A-4CB1-8447-2606C6E7221A}.Debug|Any CPU.Build.0 = Debug|Any CPU
		{D8546F94-512A-4CB1-8447-2606C6E7221A}.Release|Any CPU.ActiveCfg = Release|Any CPU
		{D8546F94-512A-4CB1-8447-2606C6E7221A}.Release|Any CPU.Build.0 = Release|Any CPU
		{B218C61D-0DC3-488A-9A22-E0CAF80471EE}.Debug|Any CPU.ActiveCfg = Debug|Any CPU
		{B218C61D-0DC3-488A-9A22-E0CAF80471EE}.Debug|Any CPU.Build.0 = Debug|Any CPU
		{B218C61D-0DC3-488A-9A22-E0CAF80471EE}.Release|Any CPU.ActiveCfg = Release|Any CPU
		{B218C61D-0DC3-488A-9A22-E0CAF80471EE}.Release|Any CPU.Build.0 = Release|Any CPU
	EndGlobalSection
	GlobalSection(SolutionProperties) = preSolution
		HideSolutionNode = FALSE
	EndGlobalSection
	GlobalSection(ExtensibilityGlobals) = postSolution
		SolutionGuid = {2C5B13EA-F62D-4E96-8626-2242368462DB}
	EndGlobalSection
EndGlobal
